{
  "originHash" : "59b5eeb2a99fd95394a4077ab757844dac6b38d2a85e898969ed0e67268ae6dd",
  "pins" : [
    {
      "identity" : "ios_sdk",
      "kind" : "remoteSourceControl",
      "location" : "https://github.com/adjust/ios_sdk",
      "state" : {
        "revision" : "e163732d55c3c0eb749f22418b6e4855839696c3",
        "version" : "4.38.4"
      }
    },
    {
      "identity" : "publicsymbolsmissingmoduleexample-packagea",
      "kind" : "remoteSourceControl",
      "location" : "https://github.com/aim2120/PublicSymbolsMissingModuleExample-PackageA",
      "state" : {
        "revision" : "f5b94b1f87de5ad311943567c1fd0af8e6738bf9",
        "version" : "0.0.4"
      }
    },
    {
      "identity" : "publicsymbolsmissingmoduleexample-packageb",
      "kind" : "remoteSourceControl",
      "location" : "https://github.com/aim2120/PublicSymbolsMissingModuleExample-PackageB",
      "state" : {
        "revision" : "369b6214b88d87ea33fd0e25a0f672da5eab6871",
        "version" : "0.0.0"
      }
    }
  ],
  "version" : 3
}
