{
  "originHash" : "6253eef156fcb60a958c070db24ebd82e90f24ba53535abff328383b61269f5e",
  "pins" : [
    {
      "identity" : "ios_sdk",
      "kind" : "remoteSourceControl",
      "location" : "https://github.com/adjust/ios_sdk",
      "state" : {
        "revision" : "e163732d55c3c0eb749f22418b6e4855839696c3",
        "version" : "4.38.4"
      }
    },
    {
      "identity" : "publicsymbolsmissingmoduleexample-packagea",
      "kind" : "remoteSourceControl",
      "location" : "https://github.com/aim2120/PublicSymbolsMissingModuleExample-PackageA",
      "state" : {
        "revision" : "be1ee66cb6a3aee9ca92f47f38eb6a667297161e",
        "version" : "0.0.2"
      }
    },
    {
      "identity" : "publicsymbolsmissingmoduleexample-packageb",
      "kind" : "remoteSourceControl",
      "location" : "https://github.com/aim2120/PublicSymbolsMissingModuleExample-PackageB",
      "state" : {
        "revision" : "369b6214b88d87ea33fd0e25a0f672da5eab6871",
        "version" : "0.0.0"
      }
    }
  ],
  "version" : 3
}
